{
	"name": "@cxl/",
	"version": "0.0.0",
	"lockfileVersion": 3,
	"requires": true,
	"packages": {
		"": {
			"name": "@cxl/",
			"version": "0.0.0",
			"devDependencies": {
				"@cxl/build": "^1.0.0-beta",
				"@cxl/spec": "^1.0.1",
				"@types/json-schema": "^7.0.15"
			}
		},
		"../open/dist/build/package": {
			"name": "@cxl/build",
			"version": "1.0.0-beta.5",
			"dev": true,
			"license": "GPL-3.0",
			"dependencies": {
				"@eslint/js": "^9.36.0",
				"esbuild": "^0.25.10",
				"puppeteer": "^24.22.3",
				"typescript": "^5.9.2",
				"typescript-eslint": "^8.45.0"
			},
			"bin": {
				"cxl-build": "index.bundle.js"
			}
		},
		"node_modules/@cxl/build": {
			"resolved": "../open/dist/build/package",
			"link": true
		},
		"node_modules/@cxl/spec": {
			"version": "1.0.1",
			"dev": true,
			"license": "Apache-2.0"
		},
		"node_modules/@types/json-schema": {
			"version": "7.0.15",
			"dev": true,
			"license": "MIT"
		}
	}
}
